# This file was autogenerated by Stack.
# You should not edit this file by hand.
# For more information, please see the documentation at:
#   https://docs.haskellstack.org/en/stable/lock_files

packages:
- completed:
    name: soothsayer
    version: 0.1.0.0
    git: git@github.com:rajatsharma/soothsayer.git
    pantry-tree:
      size: 571
      sha256: 406b52cc1c36df829d40a5106fa48d3191efb210a849d8b97106ed05525c6f5e
    commit: 01c1858b603f3a89bec6ace122ee67e6921bb03f
  original:
    git: git@github.com:rajatsharma/soothsayer.git
    commit: 01c1858b603f3a89bec6ace122ee67e6921bb03f
snapshots:
- completed:
    size: 586110
    url: https://raw.githubusercontent.com/commercialhaskell/stackage-snapshots/master/lts/18/21.yaml
    sha256: ce4fb8d44f3c6c6032060a02e0ebb1bd29937c9a70101c1517b92a87d9515160
  original:
    url: https://raw.githubusercontent.com/commercialhaskell/stackage-snapshots/master/lts/18/21.yaml
