# This file was autogenerated by Stack.
# You should not edit this file by hand.
# For more information, please see the documentation at:
#   https://docs.haskellstack.org/en/stable/lock_files

packages:
- completed:
    hackage: process-1.6.13.2@sha256:a6530a5698796e29d85817f74ca3ae20d2172fb9fa52b492c2e6816e1306bfe8,2963
    pantry-tree:
      size: 1543
      sha256: 045d10d710f046aa69ab3dd3f425b9479820809d6c3ca1596e0b995bcf49ac7a
  original:
    hackage: process-1.6.13.2
snapshots:
- completed:
    size: 586110
    url: https://raw.githubusercontent.com/commercialhaskell/stackage-snapshots/master/lts/18/21.yaml
    sha256: ce4fb8d44f3c6c6032060a02e0ebb1bd29937c9a70101c1517b92a87d9515160
  original:
    url: https://raw.githubusercontent.com/commercialhaskell/stackage-snapshots/master/lts/18/21.yaml
